PODS:
  - Analytics (4.1.8)
  - MoEngage-iOS-SDK (9.2.1)
  - MoEngageInApp (4.2.0):
    - MoEngage-iOS-SDK (< 9.3.0, >= 9.2.0)
  - Segment-MoEngage (8.0.0):
    - Analytics (~> 4.0)
    - MoEngage-iOS-SDK (< 9.3.0, >= 9.2.0)

DEPENDENCIES:
  - MoEngage-iOS-SDK
  - MoEngageInApp
  - Segment-MoEngage

SPEC REPOS:
  trunk:
    - Analytics
    - MoEngage-iOS-SDK
    - MoEngageInApp
    - Segment-MoEngage

SPEC CHECKSUMS:
  Analytics: 9655e0e1c71ea98107cfcb2b14891168acc6c6c9
  MoEngage-iOS-SDK: 75d02d9e848cbde4027a5372271c6dd29664fabe
  MoEngageInApp: f72e189dab11b18b784d0f421f3a86ef656a3342
  Segment-MoEngage: 059239ab72a8092a0e048b2f1596f102d7eb8e75

PODFILE CHECKSUM: 473c37978508dfdd304b79467f1e6736f263c1e4

COCOAPODS: 1.14.3
